# THIS IS AN AUTOGENERATED FILE. DO NOT EDIT THIS FILE DIRECTLY.
# yarn lockfile v1


"jquery@^3.7.1":
  "integrity" "sha512-m4avr8yL8kmFN8psrbFFFmB/If14iN5o9nw/NgnnM+kybDJpRsAynV2BsfpTYrTRysYUdADVD7CkUUizgkpLfg=="
  "resolved" "https://registry.npmjs.org/jquery/-/jquery-3.7.1.tgz"
  "version" "3.7.1"

"pikaday@^1.8.2":
  "integrity" "sha512-TNtsE+34BIax3WtkB/qqu5uepV1McKYEgvL3kWzU7aqPCpMEN6rBF3AOwu4WCwAealWlBGobXny/9kJb49C1ew=="
  "resolved" "https://registry.npmjs.org/pikaday/-/pikaday-1.8.2.tgz"
  "version" "1.8.2"
